
Microsoft Visual Studio Solution File, Format Version 12.00
# Visual Studio 15
VisualStudioVersion = 15.0.27130.2027
MinimumVisualStudioVersion = 10.0.40219.1
Project("{9A19103F-16F7-4668-BE54-9A1E7A4F7556}") = "RazorTypescript", ".\RazorTypescript\RazorTypescript.csproj", "{DC92234A-C121-45EF-9147-96E33A91B1DF}"
EndProject
Global
	GlobalSection(SolutionConfigurationPlatforms) = preSolution
		Debug|Any CPU = Debug|Any CPU
		Release|Any CPU = Release|Any CPU
	EndGlobalSection
	GlobalSection(ProjectConfigurationPlatforms) = postSolution
		{DC92234A-C121-45EF-9147-96E33A91B1DF}.Debug|Any CPU.ActiveCfg = Debug|Any CPU
		{DC92234A-C121-45EF-9147-96E33A91B1DF}.Debug|Any CPU.Build.0 = Debug|Any CPU
		{DC92234A-C121-45EF-9147-96E33A91B1DF}.Release|Any CPU.ActiveCfg = Release|Any CPU
		{DC92234A-C121-45EF-9147-96E33A91B1DF}.Release|Any CPU.Build.0 = Release|Any CPU
	EndGlobalSection
	GlobalSection(SolutionProperties) = preSolution
		HideSolutionNode = FALSE
	EndGlobalSection
	GlobalSection(ExtensibilityGlobals) = postSolution
		SolutionGuid = {212D7BEF-9079-4719-A127-8EE8029C558E}
	EndGlobalSection
EndGlobal
